
Microsoft Visual Studio Solution File, Format Version 12.00
# Visual Studio 14
VisualStudioVersion = 14.0.25420.1
MinimumVisualStudioVersion = 10.0.40219.1
Project("{FAE04EC0-301F-11D3-BF4B-00C04F79EFBC}") = "OMHRD", "OMHRD\OMHRD.csproj", "{87852173-9DC9-4245-8A70-EE9C8C17CBC3}"
EndProject
Project("{FAE04EC0-301F-11D3-BF4B-00C04F79EFBC}") = "Business.SQLServer", "Business.SQLServer\Business.SQLServer.csproj", "{60AAD93C-5E7A-4A58-8923-71EE19001D83}"
EndProject
Project("{FAE04EC0-301F-11D3-BF4B-00C04F79EFBC}") = "Business.Object", "Business.Object\Business.Object.csproj", "{09C34A79-DE28-4586-AF98-4482E289E4FC}"
EndProject
Project("{FAE04EC0-301F-11D3-BF4B-00C04F79EFBC}") = "Business.Common", "Business.Common\Business.Common.csproj", "{1B74FF43-07A7-488B-8F0E-69A9CABD971B}"
EndProject
Global
	GlobalSection(SolutionConfigurationPlatforms) = preSolution
		Debug|Any CPU = Debug|Any CPU
		Release|Any CPU = Release|Any CPU
	EndGlobalSection
	GlobalSection(ProjectConfigurationPlatforms) = postSolution
		{87852173-9DC9-4245-8A70-EE9C8C17CBC3}.Debug|Any CPU.ActiveCfg = Debug|Any CPU
		{87852173-9DC9-4245-8A70-EE9C8C17CBC3}.Debug|Any CPU.Build.0 = Debug|Any CPU
		{87852173-9DC9-4245-8A70-EE9C8C17CBC3}.Release|Any CPU.ActiveCfg = Release|Any CPU
		{87852173-9DC9-4245-8A70-EE9C8C17CBC3}.Release|Any CPU.Build.0 = Release|Any CPU
		{60AAD93C-5E7A-4A58-8923-71EE19001D83}.Debug|Any CPU.ActiveCfg = Debug|Any CPU
		{60AAD93C-5E7A-4A58-8923-71EE19001D83}.Debug|Any CPU.Build.0 = Debug|Any CPU
		{60AAD93C-5E7A-4A58-8923-71EE19001D83}.Release|Any CPU.ActiveCfg = Release|Any CPU
		{60AAD93C-5E7A-4A58-8923-71EE19001D83}.Release|Any CPU.Build.0 = Release|Any CPU
		{09C34A79-DE28-4586-AF98-4482E289E4FC}.Debug|Any CPU.ActiveCfg = Debug|Any CPU
		{09C34A79-DE28-4586-AF98-4482E289E4FC}.Debug|Any CPU.Build.0 = Debug|Any CPU
		{09C34A79-DE28-4586-AF98-4482E289E4FC}.Release|Any CPU.ActiveCfg = Release|Any CPU
		{09C34A79-DE28-4586-AF98-4482E289E4FC}.Release|Any CPU.Build.0 = Release|Any CPU
		{1B74FF43-07A7-488B-8F0E-69A9CABD971B}.Debug|Any CPU.ActiveCfg = Debug|Any CPU
		{1B74FF43-07A7-488B-8F0E-69A9CABD971B}.Debug|Any CPU.Build.0 = Debug|Any CPU
		{1B74FF43-07A7-488B-8F0E-69A9CABD971B}.Release|Any CPU.ActiveCfg = Release|Any CPU
		{1B74FF43-07A7-488B-8F0E-69A9CABD971B}.Release|Any CPU.Build.0 = Release|Any CPU
	EndGlobalSection
	GlobalSection(SolutionProperties) = preSolution
		HideSolutionNode = FALSE
	EndGlobalSection
EndGlobal
